// !$*UTF8*$!
{
	archiveVersion = 1;
	classes = {
	};
	objectVersion = 51;
	objects = {

/* Begin PBXBuildFile section */
		BABEA0FDF484A58C5A3224B9 /* Pods_MyPlaces.framework in Frameworks */ = {isa = PBXBuildFile; fileRef = E86552314593DD0C96A59A67 /* Pods_MyPlaces.framework */; };
		E704217026A4919D00312EDD /* MapManager.swift in Sources */ = {isa = PBXBuildFile; fileRef = E704216F26A4919D00312EDD /* MapManager.swift */; };
		E77568C5269C1314000F9DF5 /* RaitingControl.swift in Sources */ = {isa = PBXBuildFile; fileRef = E77568C4269C1314000F9DF5 /* RaitingControl.swift */; };
		E7945E8F2692DFDD0018EEAB /* AppDelegate.swift in Sources */ = {isa = PBXBuildFile; fileRef = E7945E8E2692DFDD0018EEAB /* AppDelegate.swift */; };
		E7945E912692DFDD0018EEAB /* SceneDelegate.swift in Sources */ = {isa = PBXBuildFile; fileRef = E7945E902692DFDD0018EEAB /* SceneDelegate.swift */; };
		E7945E962692DFDD0018EEAB /* Main.storyboard in Resources */ = {isa = PBXBuildFile; fileRef = E7945E942692DFDD0018EEAB /* Main.storyboard */; };
		E7945E982692DFE00018EEAB /* Assets.xcassets in Resources */ = {isa = PBXBuildFile; fileRef = E7945E972692DFE00018EEAB /* Assets.xcassets */; };
		E7945E9B2692DFE00018EEAB /* LaunchScreen.storyboard in Resources */ = {isa = PBXBuildFile; fileRef = E7945E992692DFE00018EEAB /* LaunchScreen.storyboard */; };
		E7945EA32692E3D30018EEAB /* MainTableViewController.swift in Sources */ = {isa = PBXBuildFile; fileRef = E7945EA22692E3D30018EEAB /* MainTableViewController.swift */; };
		E7945EA5269308490018EEAB /* CustomTableViewCell.swift in Sources */ = {isa = PBXBuildFile; fileRef = E7945EA4269308490018EEAB /* CustomTableViewCell.swift */; };
		E7945EA726930EB10018EEAB /* PlaceModel.swift in Sources */ = {isa = PBXBuildFile; fileRef = E7945EA626930EB10018EEAB /* PlaceModel.swift */; };
		E7D20EC326980F22004C88F6 /* NewPlaceTableViewController.swift in Sources */ = {isa = PBXBuildFile; fileRef = E7D20EC226980F22004C88F6 /* NewPlaceTableViewController.swift */; };
		E7D20EC52698A142004C88F6 /* StorageManager.swift in Sources */ = {isa = PBXBuildFile; fileRef = E7D20EC42698A142004C88F6 /* StorageManager.swift */; };
		E7D8F407269CB38300544C3C /* MapViewController.swift in Sources */ = {isa = PBXBuildFile; fileRef = E7D8F406269CB38300544C3C /* MapViewController.swift */; };
/* End PBXBuildFile section */

/* Begin PBXFileReference section */
		05A86DF14EEF7974D6A0AF71 /* Pods-MyPlaces.debug.xcconfig */ = {isa = PBXFileReference; includeInIndex = 1; lastKnownFileType = text.xcconfig; name = "Pods-MyPlaces.debug.xcconfig"; path = "Target Support Files/Pods-MyPlaces/Pods-MyPlaces.debug.xcconfig"; sourceTree = "<group>"; };
		88226B0E9C8FD20D50B45913 /* Pods-MyPlaces.release.xcconfig */ = {isa = PBXFileReference; includeInIndex = 1; lastKnownFileType = text.xcconfig; name = "Pods-MyPlaces.release.xcconfig"; path = "Target Support Files/Pods-MyPlaces/Pods-MyPlaces.release.xcconfig"; sourceTree = "<group>"; };
		E704216F26A4919D00312EDD /* MapManager.swift */ = {isa = PBXFileReference; lastKnownFileType = sourcecode.swift; path = MapManager.swift; sourceTree = "<group>"; };
		E77568C4269C1314000F9DF5 /* RaitingControl.swift */ = {isa = PBXFileReference; lastKnownFileType = sourcecode.swift; path = RaitingControl.swift; sourceTree = "<group>"; };
		E7945E8B2692DFDD0018EEAB /* MyPlaces.app */ = {isa = PBXFileReference; explicitFileType = wrapper.application; includeInIndex = 0; path = MyPlaces.app; sourceTree = BUILT_PRODUCTS_DIR; };
		E7945E8E2692DFDD0018EEAB /* AppDelegate.swift */ = {isa = PBXFileReference; lastKnownFileType = sourcecode.swift; path = AppDelegate.swift; sourceTree = "<group>"; };
		E7945E902692DFDD0018EEAB /* SceneDelegate.swift */ = {isa = PBXFileReference; lastKnownFileType = sourcecode.swift; path = SceneDelegate.swift; sourceTree = "<group>"; };
		E7945E952692DFDD0018EEAB /* Base */ = {isa = PBXFileReference; lastKnownFileType = file.storyboard; name = Base; path = Base.lproj/Main.storyboard; sourceTree = "<group>"; };
		E7945E972692DFE00018EEAB /* Assets.xcassets */ = {isa = PBXFileReference; lastKnownFileType = folder.assetcatalog; path = Assets.xcassets; sourceTree = "<group>"; };
		E7945E9A2692DFE00018EEAB /* Base */ = {isa = PBXFileReference; lastKnownFileType = file.storyboard; name = Base; path = Base.lproj/LaunchScreen.storyboard; sourceTree = "<group>"; };
		E7945E9C2692DFE00018EEAB /* Info.plist */ = {isa = PBXFileReference; lastKnownFileType = text.plist.xml; path = Info.plist; sourceTree = "<group>"; };
		E7945EA22692E3D30018EEAB /* MainTableViewController.swift */ = {isa = PBXFileReference; lastKnownFileType = sourcecode.swift; path = MainTableViewController.swift; sourceTree = "<group>"; };
		E7945EA4269308490018EEAB /* CustomTableViewCell.swift */ = {isa = PBXFileReference; lastKnownFileType = sourcecode.swift; path = CustomTableViewCell.swift; sourceTree = "<group>"; };
		E7945EA626930EB10018EEAB /* PlaceModel.swift */ = {isa = PBXFileReference; lastKnownFileType = sourcecode.swift; path = PlaceModel.swift; sourceTree = "<group>"; };
		E7D20EC226980F22004C88F6 /* NewPlaceTableViewController.swift */ = {isa = PBXFileReference; lastKnownFileType = sourcecode.swift; path = NewPlaceTableViewController.swift; sourceTree = "<group>"; };
		E7D20EC42698A142004C88F6 /* StorageManager.swift */ = {isa = PBXFileReference; lastKnownFileType = sourcecode.swift; path = StorageManager.swift; sourceTree = "<group>"; };
		E7D8F406269CB38300544C3C /* MapViewController.swift */ = {isa = PBXFileReference; lastKnownFileType = sourcecode.swift; path = MapViewController.swift; sourceTree = "<group>"; };
		E86552314593DD0C96A59A67 /* Pods_MyPlaces.framework */ = {isa = PBXFileReference; explicitFileType = wrapper.framework; includeInIndex = 0; path = Pods_MyPlaces.framework; sourceTree = BUILT_PRODUCTS_DIR; };
/* End PBXFileReference section */

/* Begin PBXFrameworksBuildPhase section */
		E7945E882692DFDD0018EEAB /* Frameworks */ = {
			isa = PBXFrameworksBuildPhase;
			buildActionMask = 2147483647;
			files = (
				BABEA0FDF484A58C5A3224B9 /* Pods_MyPlaces.framework in Frameworks */,
			);
			runOnlyForDeploymentPostprocessing = 0;
		};
/* End PBXFrameworksBuildPhase section */

/* Begin PBXGroup section */
		346CD1E795580BB4E9A91A17 /* Pods */ = {
			isa = PBXGroup;
			children = (
				05A86DF14EEF7974D6A0AF71 /* Pods-MyPlaces.debug.xcconfig */,
				88226B0E9C8FD20D50B45913 /* Pods-MyPlaces.release.xcconfig */,
			);
			path = Pods;
			sourceTree = "<group>";
		};
		5DC22A11753DD983C67A2DD9 /* Frameworks */ = {
			isa = PBXGroup;
			children = (
				E86552314593DD0C96A59A67 /* Pods_MyPlaces.framework */,
			);
			name = Frameworks;
			sourceTree = "<group>";
		};
		E704217126A4A12700312EDD /* ViewControllers */ = {
			isa = PBXGroup;
			children = (
				E7945EA22692E3D30018EEAB /* MainTableViewController.swift */,
				E7D20EC226980F22004C88F6 /* NewPlaceTableViewController.swift */,
				E7D8F406269CB38300544C3C /* MapViewController.swift */,
				E7945EA4269308490018EEAB /* CustomTableViewCell.swift */,
			);
			path = ViewControllers;
			sourceTree = "<group>";
		};
		E704217226A4A15200312EDD /* Models */ = {
			isa = PBXGroup;
			children = (
				E7945EA626930EB10018EEAB /* PlaceModel.swift */,
			);
			path = Models;
			sourceTree = "<group>";
		};
		E704217326A4A16600312EDD /* Helpers */ = {
			isa = PBXGroup;
			children = (
				E704216F26A4919D00312EDD /* MapManager.swift */,
				E7D20EC42698A142004C88F6 /* StorageManager.swift */,
				E77568C4269C1314000F9DF5 /* RaitingControl.swift */,
			);
			path = Helpers;
			sourceTree = "<group>";
		};
		E704217426A4A17E00312EDD /* Support files */ = {
			isa = PBXGroup;
			children = (
				E7945E8E2692DFDD0018EEAB /* AppDelegate.swift */,
				E7945E902692DFDD0018EEAB /* SceneDelegate.swift */,
				E7945E972692DFE00018EEAB /* Assets.xcassets */,
				E7945E9C2692DFE00018EEAB /* Info.plist */,
			);
			path = "Support files";
			sourceTree = "<group>";
		};
		E704217526A4A19400312EDD /* IBuilder */ = {
			isa = PBXGroup;
			children = (
				E7945E942692DFDD0018EEAB /* Main.storyboard */,
				E7945E992692DFE00018EEAB /* LaunchScreen.storyboard */,
			);
			path = IBuilder;
			sourceTree = "<group>";
		};
		E7945E822692DFDD0018EEAB = {
			isa = PBXGroup;
			children = (
				E7945E8D2692DFDD0018EEAB /* MyPlaces */,
				E7945E8C2692DFDD0018EEAB /* Products */,
				346CD1E795580BB4E9A91A17 /* Pods */,
				5DC22A11753DD983C67A2DD9 /* Frameworks */,
			);
			sourceTree = "<group>";
		};
		E7945E8C2692DFDD0018EEAB /* Products */ = {
			isa = PBXGroup;
			children = (
				E7945E8B2692DFDD0018EEAB /* MyPlaces.app */,
			);
			name = Products;
			sourceTree = "<group>";
		};
		E7945E8D2692DFDD0018EEAB /* MyPlaces */ = {
			isa = PBXGroup;
			children = (
				E704217126A4A12700312EDD /* ViewControllers */,
				E704217326A4A16600312EDD /* Helpers */,
				E704217226A4A15200312EDD /* Models */,
				E704217426A4A17E00312EDD /* Support files */,
				E704217526A4A19400312EDD /* IBuilder */,
			);
			path = MyPlaces;
			sourceTree = "<group>";
		};
/* End PBXGroup section */

/* Begin PBXNativeTarget section */
		E7945E8A2692DFDD0018EEAB /* MyPlaces */ = {
			isa = PBXNativeTarget;
			buildConfigurationList = E7945E9F2692DFE00018EEAB /* Build configuration list for PBXNativeTarget "MyPlaces" */;
			buildPhases = (
				F17FD982D4F60030593C42AE /* [CP] Check Pods Manifest.lock */,
				E7945E872692DFDD0018EEAB /* Sources */,
				E7945E882692DFDD0018EEAB /* Frameworks */,
				E7945E892692DFDD0018EEAB /* Resources */,
				1C9776C3C680BCD8F0A6A20E /* [CP] Embed Pods Frameworks */,
			);
			buildRules = (
			);
			dependencies = (
			);
			name = MyPlaces;
			productName = MyPlaces;
			productReference = E7945E8B2692DFDD0018EEAB /* MyPlaces.app */;
			productType = "com.apple.product-type.application";
		};
/* End PBXNativeTarget section */

/* Begin PBXProject section */
		E7945E832692DFDD0018EEAB /* Project object */ = {
			isa = PBXProject;
			attributes = {
				LastSwiftUpdateCheck = 1250;
				LastUpgradeCheck = 1250;
				TargetAttributes = {
					E7945E8A2692DFDD0018EEAB = {
						CreatedOnToolsVersion = 12.5.1;
					};
				};
			};
			buildConfigurationList = E7945E862692DFDD0018EEAB /* Build configuration list for PBXProject "MyPlaces" */;
			compatibilityVersion = "Xcode 9.3";
			developmentRegion = en;
			hasScannedForEncodings = 0;
			knownRegions = (
				en,
				Base,
			);
			mainGroup = E7945E822692DFDD0018EEAB;
			productRefGroup = E7945E8C2692DFDD0018EEAB /* Products */;
			projectDirPath = "";
			projectRoot = "";
			targets = (
				E7945E8A2692DFDD0018EEAB /* MyPlaces */,
			);
		};
/* End PBXProject section */

/* Begin PBXResourcesBuildPhase section */
		E7945E892692DFDD0018EEAB /* Resources */ = {
			isa = PBXResourcesBuildPhase;
			buildActionMask = 2147483647;
			files = (
				E7945E9B2692DFE00018EEAB /* LaunchScreen.storyboard in Resources */,
				E7945E982692DFE00018EEAB /* Assets.xcassets in Resources */,
				E7945E962692DFDD0018EEAB /* Main.storyboard in Resources */,
			);
			runOnlyForDeploymentPostprocessing = 0;
		};
/* End PBXResourcesBuildPhase section */

/* Begin PBXShellScriptBuildPhase section */
		1C9776C3C680BCD8F0A6A20E /* [CP] Embed Pods Frameworks */ = {
			isa = PBXShellScriptBuildPhase;
			buildActionMask = 2147483647;
			files = (
			);
			inputFileListPaths = (
				"${PODS_ROOT}/Target Support Files/Pods-MyPlaces/Pods-MyPlaces-frameworks-${CONFIGURATION}-input-files.xcfilelist",
			);
			name = "[CP] Embed Pods Frameworks";
			outputFileListPaths = (
				"${PODS_ROOT}/Target Support Files/Pods-MyPlaces/Pods-MyPlaces-frameworks-${CONFIGURATION}-output-files.xcfilelist",
			);
			runOnlyForDeploymentPostprocessing = 0;
			shellPath = /bin/sh;
			shellScript = "\"${PODS_ROOT}/Target Support Files/Pods-MyPlaces/Pods-MyPlaces-frameworks.sh\"\n";
			showEnvVarsInLog = 0;
		};
		F17FD982D4F60030593C42AE /* [CP] Check Pods Manifest.lock */ = {
			isa = PBXShellScriptBuildPhase;
			buildActionMask = 2147483647;
			files = (
			);
			inputFileListPaths = (
			);
			inputPaths = (
				"${PODS_PODFILE_DIR_PATH}/Podfile.lock",
				"${PODS_ROOT}/Manifest.lock",
			);
			name = "[CP] Check Pods Manifest.lock";
			outputFileListPaths = (
			);
			outputPaths = (
				"$(DERIVED_FILE_DIR)/Pods-MyPlaces-checkManifestLockResult.txt",
			);
			runOnlyForDeploymentPostprocessing = 0;
			shellPath = /bin/sh;
			shellScript = "diff \"${PODS_PODFILE_DIR_PATH}/Podfile.lock\" \"${PODS_ROOT}/Manifest.lock\" > /dev/null\nif [ $? != 0 ] ; then\n    # print error to STDERR\n    echo \"error: The sandbox is not in sync with the Podfile.lock. Run 'pod install' or update your CocoaPods installation.\" >&2\n    exit 1\nfi\n# This output is used by Xcode 'outputs' to avoid re-running this script phase.\necho \"SUCCESS\" > \"${SCRIPT_OUTPUT_FILE_0}\"\n";
			showEnvVarsInLog = 0;
		};
/* End PBXShellScriptBuildPhase section */

/* Begin PBXSourcesBuildPhase section */
		E7945E872692DFDD0018EEAB /* Sources */ = {
			isa = PBXSourcesBuildPhase;
			buildActionMask = 2147483647;
			files = (
				E7D20EC326980F22004C88F6 /* NewPlaceTableViewController.swift in Sources */,
				E7945E8F2692DFDD0018EEAB /* AppDelegate.swift in Sources */,
				E7945EA32692E3D30018EEAB /* MainTableViewController.swift in Sources */,
				E7D20EC52698A142004C88F6 /* StorageManager.swift in Sources */,
				E7D8F407269CB38300544C3C /* MapViewController.swift in Sources */,
				E7945EA726930EB10018EEAB /* PlaceModel.swift in Sources */,
				E704217026A4919D00312EDD /* MapManager.swift in Sources */,
				E7945EA5269308490018EEAB /* CustomTableViewCell.swift in Sources */,
				E77568C5269C1314000F9DF5 /* RaitingControl.swift in Sources */,
				E7945E912692DFDD0018EEAB /* SceneDelegate.swift in Sources */,
			);
			runOnlyForDeploymentPostprocessing = 0;
		};
/* End PBXSourcesBuildPhase section */

/* Begin PBXVariantGroup section */
		E7945E942692DFDD0018EEAB /* Main.storyboard */ = {
			isa = PBXVariantGroup;
			children = (
				E7945E952692DFDD0018EEAB /* Base */,
			);
			name = Main.storyboard;
			sourceTree = "<group>";
		};
		E7945E992692DFE00018EEAB /* LaunchScreen.storyboard */ = {
			isa = PBXVariantGroup;
			children = (
				E7945E9A2692DFE00018EEAB /* Base */,
			);
			name = LaunchScreen.storyboard;
			sourceTree = "<group>";
		};
/* End PBXVariantGroup section */

/* Begin XCBuildConfiguration section */
		E7945E9D2692DFE00018EEAB /* Debug */ = {
			isa = XCBuildConfiguration;
			buildSettings = {
				ALWAYS_SEARCH_USER_PATHS = NO;
				CLANG_ANALYZER_NONNULL = YES;
				CLANG_ANALYZER_NUMBER_OBJECT_CONVERSION = YES_AGGRESSIVE;
				CLANG_CXX_LANGUAGE_STANDARD = "gnu++14";
				CLANG_CXX_LIBRARY = "libc++";
				CLANG_ENABLE_MODULES = YES;
				CLANG_ENABLE_OBJC_ARC = YES;
				CLANG_ENABLE_OBJC_WEAK = YES;
				CLANG_WARN_BLOCK_CAPTURE_AUTORELEASING = YES;
				CLANG_WARN_BOOL_CONVERSION = YES;
				CLANG_WARN_COMMA = YES;
				CLANG_WARN_CONSTANT_CONVERSION = YES;
				CLANG_WARN_DEPRECATED_OBJC_IMPLEMENTATIONS = YES;
				CLANG_WARN_DIRECT_OBJC_ISA_USAGE = YES_ERROR;
				CLANG_WARN_DOCUMENTATION_COMMENTS = YES;
				CLANG_WARN_EMPTY_BODY = YES;
				CLANG_WARN_ENUM_CONVERSION = YES;
				CLANG_WARN_INFINITE_RECURSION = YES;
				CLANG_WARN_INT_CONVERSION = YES;
				CLANG_WARN_NON_LITERAL_NULL_CONVERSION = YES;
				CLANG_WARN_OBJC_IMPLICIT_RETAIN_SELF = YES;
				CLANG_WARN_OBJC_LITERAL_CONVERSION = YES;
				CLANG_WARN_OBJC_ROOT_CLASS = YES_ERROR;
				CLANG_WARN_QUOTED_INCLUDE_IN_FRAMEWORK_HEADER = YES;
				CLANG_WARN_RANGE_LOOP_ANALYSIS = YES;
				CLANG_WARN_STRICT_PROTOTYPES = YES;
				CLANG_WARN_SUSPICIOUS_MOVE = YES;
				CLANG_WARN_UNGUARDED_AVAILABILITY = YES_AGGRESSIVE;
				CLANG_WARN_UNREACHABLE_CODE = YES;
				CLANG_WARN__DUPLICATE_METHOD_MATCH = YES;
				COPY_PHASE_STRIP = NO;
				DEBUG_INFORMATION_FORMAT = dwarf;
				ENABLE_STRICT_OBJC_MSGSEND = YES;
				ENABLE_TESTABILITY = YES;
				GCC_C_LANGUAGE_STANDARD = gnu11;
				GCC_DYNAMIC_NO_PIC = NO;
				GCC_NO_COMMON_BLOCKS = YES;
				GCC_OPTIMIZATION_LEVEL = 0;
				GCC_PREPROCESSOR_DEFINITIONS = (
					"DEBUG=1",
					"$(inherited)",
				);
				GCC_WARN_64_TO_32_BIT_CONVERSION = YES;
				GCC_WARN_ABOUT_RETURN_TYPE = YES_ERROR;
				GCC_WARN_UNDECLARED_SELECTOR = YES;
				GCC_WARN_UNINITIALIZED_AUTOS = YES_AGGRESSIVE;
				GCC_WARN_UNUSED_FUNCTION = YES;
				GCC_WARN_UNUSED_VARIABLE = YES;
				IPHONEOS_DEPLOYMENT_TARGET = 14.5;
				MTL_ENABLE_DEBUG_INFO = INCLUDE_SOURCE;
				MTL_FAST_MATH = YES;
				ONLY_ACTIVE_ARCH = YES;
				SDKROOT = iphoneos;
				SWIFT_ACTIVE_COMPILATION_CONDITIONS = DEBUG;
				SWIFT_OPTIMIZATION_LEVEL = "-Onone";
			};
			name = Debug;
		};
		E7945E9E2692DFE00018EEAB /* Release */ = {
			isa = XCBuildConfiguration;
			buildSettings = {
				ALWAYS_SEARCH_USER_PATHS = NO;
				CLANG_ANALYZER_NONNULL = YES;
				CLANG_ANALYZER_NUMBER_OBJECT_CONVERSION = YES_AGGRESSIVE;
				CLANG_CXX_LANGUAGE_STANDARD = "gnu++14";
				CLANG_CXX_LIBRARY = "libc++";
				CLANG_ENABLE_MODULES = YES;
				CLANG_ENABLE_OBJC_ARC = YES;
				CLANG_ENABLE_OBJC_WEAK = YES;
				CLANG_WARN_BLOCK_CAPTURE_AUTORELEASING = YES;
				CLANG_WARN_BOOL_CONVERSION = YES;
				CLANG_WARN_COMMA = YES;
				CLANG_WARN_CONSTANT_CONVERSION = YES;
				CLANG_WARN_DEPRECATED_OBJC_IMPLEMENTATIONS = YES;
				CLANG_WARN_DIRECT_OBJC_ISA_USAGE = YES_ERROR;
				CLANG_WARN_DOCUMENTATION_COMMENTS = YES;
				CLANG_WARN_EMPTY_BODY = YES;
				CLANG_WARN_ENUM_CONVERSION = YES;
				CLANG_WARN_INFINITE_RECURSION = YES;
				CLANG_WARN_INT_CONVERSION = YES;
				CLANG_WARN_NON_LITERAL_NULL_CONVERSION = YES;
				CLANG_WARN_OBJC_IMPLICIT_RETAIN_SELF = YES;
				CLANG_WARN_OBJC_LITERAL_CONVERSION = YES;
				CLANG_WARN_OBJC_ROOT_CLASS = YES_ERROR;
				CLANG_WARN_QUOTED_INCLUDE_IN_FRAMEWORK_HEADER = YES;
				CLANG_WARN_RANGE_LOOP_ANALYSIS = YES;
				CLANG_WARN_STRICT_PROTOTYPES = YES;
				CLANG_WARN_SUSPICIOUS_MOVE = YES;
				CLANG_WARN_UNGUARDED_AVAILABILITY = YES_AGGRESSIVE;
				CLANG_WARN_UNREACHABLE_CODE = YES;
				CLANG_WARN__DUPLICATE_METHOD_MATCH = YES;
				COPY_PHASE_STRIP = NO;
				DEBUG_INFORMATION_FORMAT = "dwarf-with-dsym";
				ENABLE_NS_ASSERTIONS = NO;
				ENABLE_STRICT_OBJC_MSGSEND = YES;
				GCC_C_LANGUAGE_STANDARD = gnu11;
				GCC_NO_COMMON_BLOCKS = YES;
				GCC_WARN_64_TO_32_BIT_CONVERSION = YES;
				GCC_WARN_ABOUT_RETURN_TYPE = YES_ERROR;
				GCC_WARN_UNDECLARED_SELECTOR = YES;
				GCC_WARN_UNINITIALIZED_AUTOS = YES_AGGRESSIVE;
				GCC_WARN_UNUSED_FUNCTION = YES;
				GCC_WARN_UNUSED_VARIABLE = YES;
				IPHONEOS_DEPLOYMENT_TARGET = 14.5;
				MTL_ENABLE_DEBUG_INFO = NO;
				MTL_FAST_MATH = YES;
				SDKROOT = iphoneos;
				SWIFT_COMPILATION_MODE = wholemodule;
				SWIFT_OPTIMIZATION_LEVEL = "-O";
				VALIDATE_PRODUCT = YES;
			};
			name = Release;
		};
		E7945EA02692DFE00018EEAB /* Debug */ = {
			isa = XCBuildConfiguration;
			baseConfigurationReference = 05A86DF14EEF7974D6A0AF71 /* Pods-MyPlaces.debug.xcconfig */;
			buildSettings = {
				ASSETCATALOG_COMPILER_APPICON_NAME = AppIcon;
				ASSETCATALOG_COMPILER_GLOBAL_ACCENT_COLOR_NAME = AccentColor;
				CODE_SIGN_STYLE = Automatic;
				DEVELOPMENT_TEAM = RKG3CKHF53;
				INFOPLIST_FILE = "MyPlaces/Support files/Info.plist";
				LD_RUNPATH_SEARCH_PATHS = (
					"$(inherited)",
					"@executable_path/Frameworks",
				);
				PRODUCT_BUNDLE_IDENTIFIER = "Oleg-Savelev.MyPlaces";
				PRODUCT_NAME = "$(TARGET_NAME)";
				SWIFT_VERSION = 5.0;
				TARGETED_DEVICE_FAMILY = "1,2";
			};
			name = Debug;
		};
		E7945EA12692DFE00018EEAB /* Release */ = {
			isa = XCBuildConfiguration;
			baseConfigurationReference = 88226B0E9C8FD20D50B45913 /* Pods-MyPlaces.release.xcconfig */;
			buildSettings = {
				ASSETCATALOG_COMPILER_APPICON_NAME = AppIcon;
				ASSETCATALOG_COMPILER_GLOBAL_ACCENT_COLOR_NAME = AccentColor;
				CODE_SIGN_STYLE = Automatic;
				DEVELOPMENT_TEAM = RKG3CKHF53;
				INFOPLIST_FILE = "MyPlaces/Support files/Info.plist";
				LD_RUNPATH_SEARCH_PATHS = (
					"$(inherited)",
					"@executable_path/Frameworks",
				);
				PRODUCT_BUNDLE_IDENTIFIER = "Oleg-Savelev.MyPlaces";
				PRODUCT_NAME = "$(TARGET_NAME)";
				SWIFT_VERSION = 5.0;
				TARGETED_DEVICE_FAMILY = "1,2";
			};
			name = Release;
		};
/* End XCBuildConfiguration section */

/* Begin XCConfigurationList section */
		E7945E862692DFDD0018EEAB /* Build configuration list for PBXProject "MyPlaces" */ = {
			isa = XCConfigurationList;
			buildConfigurations = (
				E7945E9D2692DFE00018EEAB /* Debug */,
				E7945E9E2692DFE00018EEAB /* Release */,
			);
			defaultConfigurationIsVisible = 0;
			defaultConfigurationName = Release;
		};
		E7945E9F2692DFE00018EEAB /* Build configuration list for PBXNativeTarget "MyPlaces" */ = {
			isa = XCConfigurationList;
			buildConfigurations = (
				E7945EA02692DFE00018EEAB /* Debug */,
				E7945EA12692DFE00018EEAB /* Release */,
			);
			defaultConfigurationIsVisible = 0;
			defaultConfigurationName = Release;
		};
/* End XCConfigurationList section */
	};
	rootObject = E7945E832692DFDD0018EEAB /* Project object */;
}
